// !$*UTF8*$!
{
	archiveVersion = 1;
	classes = {
	};
	objectVersion = 50;
	objects = {

/* Begin PBXBuildFile section */
		8423B3FF25D90B0D0026ED8E /* FlightsPresenter.swift in Sources */ = {isa = PBXBuildFile; fileRef = 8423B3F925D90B0D0026ED8E /* FlightsPresenter.swift */; };
		8423B40025D90B0D0026ED8E /* FlightsWorker.swift in Sources */ = {isa = PBXBuildFile; fileRef = 8423B3FA25D90B0D0026ED8E /* FlightsWorker.swift */; };
		8423B40125D90B0D0026ED8E /* FlightsRouter.swift in Sources */ = {isa = PBXBuildFile; fileRef = 8423B3FB25D90B0D0026ED8E /* FlightsRouter.swift */; };
		8423B40225D90B0D0026ED8E /* FlightsModels.swift in Sources */ = {isa = PBXBuildFile; fileRef = 8423B3FC25D90B0D0026ED8E /* FlightsModels.swift */; };
		8423B40325D90B0D0026ED8E /* FlightsViewController.swift in Sources */ = {isa = PBXBuildFile; fileRef = 8423B3FD25D90B0D0026ED8E /* FlightsViewController.swift */; };
		8423B40425D90B0D0026ED8E /* FlightsInteractor.swift in Sources */ = {isa = PBXBuildFile; fileRef = 8423B3FE25D90B0D0026ED8E /* FlightsInteractor.swift */; };
		8423B40C25D90FFA0026ED8E /* FlightTableViewCell.swift in Sources */ = {isa = PBXBuildFile; fileRef = 8423B40A25D90FFA0026ED8E /* FlightTableViewCell.swift */; };
		8423B40D25D90FFA0026ED8E /* FlightTableViewCell.xib in Resources */ = {isa = PBXBuildFile; fileRef = 8423B40B25D90FFA0026ED8E /* FlightTableViewCell.xib */; };
		8423B41725D918650026ED8E /* FlightCenter.swift in Sources */ = {isa = PBXBuildFile; fileRef = 8423B41625D918650026ED8E /* FlightCenter.swift */; };
		8423B41D25D9192E0026ED8E /* UIColor+HEX.swift in Sources */ = {isa = PBXBuildFile; fileRef = 8423B41C25D9192E0026ED8E /* UIColor+HEX.swift */; };
		8423B42525D91B270026ED8E /* UIColor+TraitCollection.swift in Sources */ = {isa = PBXBuildFile; fileRef = 8423B42425D91B270026ED8E /* UIColor+TraitCollection.swift */; };
		845BEACF25D969EE00F481FA /* ErrorHandler.swift in Sources */ = {isa = PBXBuildFile; fileRef = 845BEACE25D969EE00F481FA /* ErrorHandler.swift */; };
		8464D61F25D8D82E009A48F3 /* AppDelegate.swift in Sources */ = {isa = PBXBuildFile; fileRef = 8464D61E25D8D82E009A48F3 /* AppDelegate.swift */; };
		8464D62125D8D82E009A48F3 /* SceneDelegate.swift in Sources */ = {isa = PBXBuildFile; fileRef = 8464D62025D8D82E009A48F3 /* SceneDelegate.swift */; };
		8464D62625D8D82E009A48F3 /* Main.storyboard in Resources */ = {isa = PBXBuildFile; fileRef = 8464D62425D8D82E009A48F3 /* Main.storyboard */; };
		8464D62825D8D832009A48F3 /* Assets.xcassets in Resources */ = {isa = PBXBuildFile; fileRef = 8464D62725D8D832009A48F3 /* Assets.xcassets */; };
		8464D62B25D8D832009A48F3 /* LaunchScreen.storyboard in Resources */ = {isa = PBXBuildFile; fileRef = 8464D62925D8D832009A48F3 /* LaunchScreen.storyboard */; };
		8464D63625D8D832009A48F3 /* TestFlightCenterTests.swift in Sources */ = {isa = PBXBuildFile; fileRef = 8464D63525D8D832009A48F3 /* TestFlightCenterTests.swift */; };
		8464D64125D8D832009A48F3 /* TestFlightCenterUITests.swift in Sources */ = {isa = PBXBuildFile; fileRef = 8464D64025D8D832009A48F3 /* TestFlightCenterUITests.swift */; };
		84AEC77E25DA55A1008B6270 /* FlightAPIStore.swift in Sources */ = {isa = PBXBuildFile; fileRef = 84AEC77D25DA55A1008B6270 /* FlightAPIStore.swift */; };
		84AEC78425DA5A60008B6270 /* Flight.swift in Sources */ = {isa = PBXBuildFile; fileRef = 84AEC78325DA5A60008B6270 /* Flight.swift */; };
		84AEC79325DA767B008B6270 /* Networking.swift in Sources */ = {isa = PBXBuildFile; fileRef = 84AEC79225DA767B008B6270 /* Networking.swift */; };
		84AEC7BC25DBC8C3008B6270 /* Flights.json in Resources */ = {isa = PBXBuildFile; fileRef = 84AEC7BB25DBC8C3008B6270 /* Flights.json */; };
		84AEC7C125DBC8FA008B6270 /* FlightLocalStore.swift in Sources */ = {isa = PBXBuildFile; fileRef = 84AEC7C025DBC8FA008B6270 /* FlightLocalStore.swift */; };
		84AEC7C925DCD044008B6270 /* Date+FormatAndStringConversion.swift in Sources */ = {isa = PBXBuildFile; fileRef = 84AEC7C825DCD044008B6270 /* Date+FormatAndStringConversion.swift */; };
		84AEC7CE25DE6CAE008B6270 /* LogicalFlights.swift in Sources */ = {isa = PBXBuildFile; fileRef = 84AEC7CD25DE6CAE008B6270 /* LogicalFlights.swift */; };
		84AEC7D325E0C99E008B6270 /* UIImage+QRCode.swift in Sources */ = {isa = PBXBuildFile; fileRef = 84AEC7D225E0C99E008B6270 /* UIImage+QRCode.swift */; };
		84AEC7DD25E0CABB008B6270 /* FlightDetailPresenter.swift in Sources */ = {isa = PBXBuildFile; fileRef = 84AEC7D725E0CABA008B6270 /* FlightDetailPresenter.swift */; };
		84AEC7DE25E0CABB008B6270 /* FlightDetailWorker.swift in Sources */ = {isa = PBXBuildFile; fileRef = 84AEC7D825E0CABA008B6270 /* FlightDetailWorker.swift */; };
		84AEC7DF25E0CABB008B6270 /* FlightDetailRouter.swift in Sources */ = {isa = PBXBuildFile; fileRef = 84AEC7D925E0CABA008B6270 /* FlightDetailRouter.swift */; };
		84AEC7E025E0CABB008B6270 /* FlightDetailModels.swift in Sources */ = {isa = PBXBuildFile; fileRef = 84AEC7DA25E0CABB008B6270 /* FlightDetailModels.swift */; };
		84AEC7E125E0CABB008B6270 /* FlightDetailViewController.swift in Sources */ = {isa = PBXBuildFile; fileRef = 84AEC7DB25E0CABB008B6270 /* FlightDetailViewController.swift */; };
		84AEC7E225E0CABB008B6270 /* FlightDetailInteractor.swift in Sources */ = {isa = PBXBuildFile; fileRef = 84AEC7DC25E0CABB008B6270 /* FlightDetailInteractor.swift */; };
/* End PBXBuildFile section */

/* Begin PBXContainerItemProxy section */
		8464D63225D8D832009A48F3 /* PBXContainerItemProxy */ = {
			isa = PBXContainerItemProxy;
			containerPortal = 8464D61325D8D82E009A48F3 /* Project object */;
			proxyType = 1;
			remoteGlobalIDString = 8464D61A25D8D82E009A48F3;
			remoteInfo = TestFlightCenter;
		};
		8464D63D25D8D832009A48F3 /* PBXContainerItemProxy */ = {
			isa = PBXContainerItemProxy;
			containerPortal = 8464D61325D8D82E009A48F3 /* Project object */;
			proxyType = 1;
			remoteGlobalIDString = 8464D61A25D8D82E009A48F3;
			remoteInfo = TestFlightCenter;
		};
/* End PBXContainerItemProxy section */

/* Begin PBXFileReference section */
		8423B3F925D90B0D0026ED8E /* FlightsPresenter.swift */ = {isa = PBXFileReference; lastKnownFileType = sourcecode.swift; path = FlightsPresenter.swift; sourceTree = "<group>"; };
		8423B3FA25D90B0D0026ED8E /* FlightsWorker.swift */ = {isa = PBXFileReference; lastKnownFileType = sourcecode.swift; path = FlightsWorker.swift; sourceTree = "<group>"; };
		8423B3FB25D90B0D0026ED8E /* FlightsRouter.swift */ = {isa = PBXFileReference; lastKnownFileType = sourcecode.swift; path = FlightsRouter.swift; sourceTree = "<group>"; };
		8423B3FC25D90B0D0026ED8E /* FlightsModels.swift */ = {isa = PBXFileReference; lastKnownFileType = sourcecode.swift; path = FlightsModels.swift; sourceTree = "<group>"; };
		8423B3FD25D90B0D0026ED8E /* FlightsViewController.swift */ = {isa = PBXFileReference; lastKnownFileType = sourcecode.swift; path = FlightsViewController.swift; sourceTree = "<group>"; };
		8423B3FE25D90B0D0026ED8E /* FlightsInteractor.swift */ = {isa = PBXFileReference; lastKnownFileType = sourcecode.swift; path = FlightsInteractor.swift; sourceTree = "<group>"; };
		8423B40A25D90FFA0026ED8E /* FlightTableViewCell.swift */ = {isa = PBXFileReference; lastKnownFileType = sourcecode.swift; path = FlightTableViewCell.swift; sourceTree = "<group>"; };
		8423B40B25D90FFA0026ED8E /* FlightTableViewCell.xib */ = {isa = PBXFileReference; lastKnownFileType = file.xib; path = FlightTableViewCell.xib; sourceTree = "<group>"; };
		8423B41625D918650026ED8E /* FlightCenter.swift */ = {isa = PBXFileReference; lastKnownFileType = sourcecode.swift; path = FlightCenter.swift; sourceTree = "<group>"; };
		8423B41C25D9192E0026ED8E /* UIColor+HEX.swift */ = {isa = PBXFileReference; lastKnownFileType = sourcecode.swift; path = "UIColor+HEX.swift"; sourceTree = "<group>"; };
		8423B42425D91B270026ED8E /* UIColor+TraitCollection.swift */ = {isa = PBXFileReference; lastKnownFileType = sourcecode.swift; path = "UIColor+TraitCollection.swift"; sourceTree = "<group>"; };
		845BEACE25D969EE00F481FA /* ErrorHandler.swift */ = {isa = PBXFileReference; lastKnownFileType = sourcecode.swift; path = ErrorHandler.swift; sourceTree = "<group>"; };
		8464D61B25D8D82E009A48F3 /* TestFlightCenter.app */ = {isa = PBXFileReference; explicitFileType = wrapper.application; includeInIndex = 0; path = TestFlightCenter.app; sourceTree = BUILT_PRODUCTS_DIR; };
		8464D61E25D8D82E009A48F3 /* AppDelegate.swift */ = {isa = PBXFileReference; lastKnownFileType = sourcecode.swift; path = AppDelegate.swift; sourceTree = "<group>"; };
		8464D62025D8D82E009A48F3 /* SceneDelegate.swift */ = {isa = PBXFileReference; lastKnownFileType = sourcecode.swift; path = SceneDelegate.swift; sourceTree = "<group>"; };
		8464D62525D8D82E009A48F3 /* Base */ = {isa = PBXFileReference; lastKnownFileType = file.storyboard; name = Base; path = Base.lproj/Main.storyboard; sourceTree = "<group>"; };
		8464D62725D8D832009A48F3 /* Assets.xcassets */ = {isa = PBXFileReference; lastKnownFileType = folder.assetcatalog; path = Assets.xcassets; sourceTree = "<group>"; };
		8464D62A25D8D832009A48F3 /* Base */ = {isa = PBXFileReference; lastKnownFileType = file.storyboard; name = Base; path = Base.lproj/LaunchScreen.storyboard; sourceTree = "<group>"; };
		8464D62C25D8D832009A48F3 /* Info.plist */ = {isa = PBXFileReference; lastKnownFileType = text.plist.xml; path = Info.plist; sourceTree = "<group>"; };
		8464D63125D8D832009A48F3 /* TestFlightCenterTests.xctest */ = {isa = PBXFileReference; explicitFileType = wrapper.cfbundle; includeInIndex = 0; path = TestFlightCenterTests.xctest; sourceTree = BUILT_PRODUCTS_DIR; };
		8464D63525D8D832009A48F3 /* TestFlightCenterTests.swift */ = {isa = PBXFileReference; lastKnownFileType = sourcecode.swift; path = TestFlightCenterTests.swift; sourceTree = "<group>"; };
		8464D63725D8D832009A48F3 /* Info.plist */ = {isa = PBXFileReference; lastKnownFileType = text.plist.xml; path = Info.plist; sourceTree = "<group>"; };
		8464D63C25D8D832009A48F3 /* TestFlightCenterUITests.xctest */ = {isa = PBXFileReference; explicitFileType = wrapper.cfbundle; includeInIndex = 0; path = TestFlightCenterUITests.xctest; sourceTree = BUILT_PRODUCTS_DIR; };
		8464D64025D8D832009A48F3 /* TestFlightCenterUITests.swift */ = {isa = PBXFileReference; lastKnownFileType = sourcecode.swift; path = TestFlightCenterUITests.swift; sourceTree = "<group>"; };
		8464D64225D8D832009A48F3 /* Info.plist */ = {isa = PBXFileReference; lastKnownFileType = text.plist.xml; path = Info.plist; sourceTree = "<group>"; };
		84AEC77D25DA55A1008B6270 /* FlightAPIStore.swift */ = {isa = PBXFileReference; lastKnownFileType = sourcecode.swift; path = FlightAPIStore.swift; sourceTree = "<group>"; };
		84AEC78325DA5A60008B6270 /* Flight.swift */ = {isa = PBXFileReference; lastKnownFileType = sourcecode.swift; path = Flight.swift; sourceTree = "<group>"; };
		84AEC79225DA767B008B6270 /* Networking.swift */ = {isa = PBXFileReference; lastKnownFileType = sourcecode.swift; path = Networking.swift; sourceTree = "<group>"; };
		84AEC7BB25DBC8C3008B6270 /* Flights.json */ = {isa = PBXFileReference; lastKnownFileType = text.json; path = Flights.json; sourceTree = "<group>"; };
		84AEC7C025DBC8FA008B6270 /* FlightLocalStore.swift */ = {isa = PBXFileReference; lastKnownFileType = sourcecode.swift; path = FlightLocalStore.swift; sourceTree = "<group>"; };
		84AEC7C825DCD044008B6270 /* Date+FormatAndStringConversion.swift */ = {isa = PBXFileReference; lastKnownFileType = sourcecode.swift; path = "Date+FormatAndStringConversion.swift"; sourceTree = "<group>"; };
		84AEC7CD25DE6CAE008B6270 /* LogicalFlights.swift */ = {isa = PBXFileReference; lastKnownFileType = sourcecode.swift; path = LogicalFlights.swift; sourceTree = "<group>"; };
		84AEC7D225E0C99E008B6270 /* UIImage+QRCode.swift */ = {isa = PBXFileReference; lastKnownFileType = sourcecode.swift; path = "UIImage+QRCode.swift"; sourceTree = "<group>"; };
		84AEC7D725E0CABA008B6270 /* FlightDetailPresenter.swift */ = {isa = PBXFileReference; lastKnownFileType = sourcecode.swift; path = FlightDetailPresenter.swift; sourceTree = "<group>"; };
		84AEC7D825E0CABA008B6270 /* FlightDetailWorker.swift */ = {isa = PBXFileReference; lastKnownFileType = sourcecode.swift; path = FlightDetailWorker.swift; sourceTree = "<group>"; };
		84AEC7D925E0CABA008B6270 /* FlightDetailRouter.swift */ = {isa = PBXFileReference; lastKnownFileType = sourcecode.swift; path = FlightDetailRouter.swift; sourceTree = "<group>"; };
		84AEC7DA25E0CABB008B6270 /* FlightDetailModels.swift */ = {isa = PBXFileReference; lastKnownFileType = sourcecode.swift; path = FlightDetailModels.swift; sourceTree = "<group>"; };
		84AEC7DB25E0CABB008B6270 /* FlightDetailViewController.swift */ = {isa = PBXFileReference; lastKnownFileType = sourcecode.swift; path = FlightDetailViewController.swift; sourceTree = "<group>"; };
		84AEC7DC25E0CABB008B6270 /* FlightDetailInteractor.swift */ = {isa = PBXFileReference; lastKnownFileType = sourcecode.swift; path = FlightDetailInteractor.swift; sourceTree = "<group>"; };
/* End PBXFileReference section */

/* Begin PBXFrameworksBuildPhase section */
		8464D61825D8D82E009A48F3 /* Frameworks */ = {
			isa = PBXFrameworksBuildPhase;
			buildActionMask = 2147483647;
			files = (
			);
			runOnlyForDeploymentPostprocessing = 0;
		};
		8464D62E25D8D832009A48F3 /* Frameworks */ = {
			isa = PBXFrameworksBuildPhase;
			buildActionMask = 2147483647;
			files = (
			);
			runOnlyForDeploymentPostprocessing = 0;
		};
		8464D63925D8D832009A48F3 /* Frameworks */ = {
			isa = PBXFrameworksBuildPhase;
			buildActionMask = 2147483647;
			files = (
			);
			runOnlyForDeploymentPostprocessing = 0;
		};
/* End PBXFrameworksBuildPhase section */

/* Begin PBXGroup section */
		8423B3E425D8E0F30026ED8E /* Scene */ = {
			isa = PBXGroup;
			children = (
				8423B3E625D8E10C0026ED8E /* FlightDetailScene */,
				8423B3E525D8E0FF0026ED8E /* FlightsListScene */,
			);
			path = Scene;
			sourceTree = "<group>";
		};
		8423B3E525D8E0FF0026ED8E /* FlightsListScene */ = {
			isa = PBXGroup;
			children = (
				8423B40925D90FDF0026ED8E /* Views */,
				8423B3F925D90B0D0026ED8E /* FlightsPresenter.swift */,
				8423B3FA25D90B0D0026ED8E /* FlightsWorker.swift */,
				8423B3FB25D90B0D0026ED8E /* FlightsRouter.swift */,
				8423B3FC25D90B0D0026ED8E /* FlightsModels.swift */,
				8423B3FD25D90B0D0026ED8E /* FlightsViewController.swift */,
				8423B3FE25D90B0D0026ED8E /* FlightsInteractor.swift */,
				84AEC7CD25DE6CAE008B6270 /* LogicalFlights.swift */,
			);
			path = FlightsListScene;
			sourceTree = "<group>";
		};
		8423B3E625D8E10C0026ED8E /* FlightDetailScene */ = {
			isa = PBXGroup;
			children = (
				84AEC7D725E0CABA008B6270 /* FlightDetailPresenter.swift */,
				84AEC7D825E0CABA008B6270 /* FlightDetailWorker.swift */,
				84AEC7D925E0CABA008B6270 /* FlightDetailRouter.swift */,
				84AEC7DA25E0CABB008B6270 /* FlightDetailModels.swift */,
				84AEC7DB25E0CABB008B6270 /* FlightDetailViewController.swift */,
				84AEC7DC25E0CABB008B6270 /* FlightDetailInteractor.swift */,
			);
			path = FlightDetailScene;
			sourceTree = "<group>";
		};
		8423B40925D90FDF0026ED8E /* Views */ = {
			isa = PBXGroup;
			children = (
				8423B42925D91DF30026ED8E /* FlightTableCell */,
			);
			path = Views;
			sourceTree = "<group>";
		};
		8423B41525D918530026ED8E /* Helper */ = {
			isa = PBXGroup;
			children = (
				8423B41625D918650026ED8E /* FlightCenter.swift */,
				84AEC7BB25DBC8C3008B6270 /* Flights.json */,
			);
			path = Helper;
			sourceTree = "<group>";
		};
		8423B41B25D918EB0026ED8E /* Extensions */ = {
			isa = PBXGroup;
			children = (
				8423B41C25D9192E0026ED8E /* UIColor+HEX.swift */,
				8423B42425D91B270026ED8E /* UIColor+TraitCollection.swift */,
				84AEC7C825DCD044008B6270 /* Date+FormatAndStringConversion.swift */,
				84AEC7D225E0C99E008B6270 /* UIImage+QRCode.swift */,
			);
			path = Extensions;
			sourceTree = "<group>";
		};
		8423B42925D91DF30026ED8E /* FlightTableCell */ = {
			isa = PBXGroup;
			children = (
				8423B40A25D90FFA0026ED8E /* FlightTableViewCell.swift */,
				8423B40B25D90FFA0026ED8E /* FlightTableViewCell.xib */,
			);
			path = FlightTableCell;
			sourceTree = "<group>";
		};
		845BEACD25D961D900F481FA /* Network */ = {
			isa = PBXGroup;
			children = (
				84AEC77D25DA55A1008B6270 /* FlightAPIStore.swift */,
				84AEC79225DA767B008B6270 /* Networking.swift */,
				84AEC7C025DBC8FA008B6270 /* FlightLocalStore.swift */,
			);
			path = Network;
			sourceTree = "<group>";
		};
		8464D61225D8D82E009A48F3 = {
			isa = PBXGroup;
			children = (
				8464D61D25D8D82E009A48F3 /* TestFlightCenter */,
				8464D63425D8D832009A48F3 /* TestFlightCenterTests */,
				8464D63F25D8D832009A48F3 /* TestFlightCenterUITests */,
				8464D61C25D8D82E009A48F3 /* Products */,
			);
			sourceTree = "<group>";
		};
		8464D61C25D8D82E009A48F3 /* Products */ = {
			isa = PBXGroup;
			children = (
				8464D61B25D8D82E009A48F3 /* TestFlightCenter.app */,
				8464D63125D8D832009A48F3 /* TestFlightCenterTests.xctest */,
				8464D63C25D8D832009A48F3 /* TestFlightCenterUITests.xctest */,
			);
			name = Products;
			sourceTree = "<group>";
		};
		8464D61D25D8D82E009A48F3 /* TestFlightCenter */ = {
			isa = PBXGroup;
			children = (
				84AEC78D25DA71E4008B6270 /* Main */,
				84AEC78C25DA71B2008B6270 /* Error */,
				84AEC78225DA5A49008B6270 /* Models */,
				845BEACD25D961D900F481FA /* Network */,
				8423B41B25D918EB0026ED8E /* Extensions */,
				8423B41525D918530026ED8E /* Helper */,
				8423B3E425D8E0F30026ED8E /* Scene */,
				8464D62725D8D832009A48F3 /* Assets.xcassets */,
				8464D62925D8D832009A48F3 /* LaunchScreen.storyboard */,
				8464D62C25D8D832009A48F3 /* Info.plist */,
			);
			path = TestFlightCenter;
			sourceTree = "<group>";
		};
		8464D63425D8D832009A48F3 /* TestFlightCenterTests */ = {
			isa = PBXGroup;
			children = (
				8464D63525D8D832009A48F3 /* TestFlightCenterTests.swift */,
				8464D63725D8D832009A48F3 /* Info.plist */,
			);
			path = TestFlightCenterTests;
			sourceTree = "<group>";
		};
		8464D63F25D8D832009A48F3 /* TestFlightCenterUITests */ = {
			isa = PBXGroup;
			children = (
				8464D64025D8D832009A48F3 /* TestFlightCenterUITests.swift */,
				8464D64225D8D832009A48F3 /* Info.plist */,
			);
			path = TestFlightCenterUITests;
			sourceTree = "<group>";
		};
		84AEC78225DA5A49008B6270 /* Models */ = {
			isa = PBXGroup;
			children = (
				84AEC78325DA5A60008B6270 /* Flight.swift */,
			);
			path = Models;
			sourceTree = "<group>";
		};
		84AEC78C25DA71B2008B6270 /* Error */ = {
			isa = PBXGroup;
			children = (
				845BEACE25D969EE00F481FA /* ErrorHandler.swift */,
			);
			path = Error;
			sourceTree = "<group>";
		};
		84AEC78D25DA71E4008B6270 /* Main */ = {
			isa = PBXGroup;
			children = (
				8464D61E25D8D82E009A48F3 /* AppDelegate.swift */,
				8464D62025D8D82E009A48F3 /* SceneDelegate.swift */,
				8464D62425D8D82E009A48F3 /* Main.storyboard */,
			);
			path = Main;
			sourceTree = "<group>";
		};
/* End PBXGroup section */

/* Begin PBXNativeTarget section */
		8464D61A25D8D82E009A48F3 /* TestFlightCenter */ = {
			isa = PBXNativeTarget;
			buildConfigurationList = 8464D64525D8D832009A48F3 /* Build configuration list for PBXNativeTarget "TestFlightCenter" */;
			buildPhases = (
				8464D61725D8D82E009A48F3 /* Sources */,
				8464D61825D8D82E009A48F3 /* Frameworks */,
				8464D61925D8D82E009A48F3 /* Resources */,
			);
			buildRules = (
			);
			dependencies = (
			);
			name = TestFlightCenter;
			productName = TestFlightCenter;
			productReference = 8464D61B25D8D82E009A48F3 /* TestFlightCenter.app */;
			productType = "com.apple.product-type.application";
		};
		8464D63025D8D832009A48F3 /* TestFlightCenterTests */ = {
			isa = PBXNativeTarget;
			buildConfigurationList = 8464D64825D8D832009A48F3 /* Build configuration list for PBXNativeTarget "TestFlightCenterTests" */;
			buildPhases = (
				8464D62D25D8D832009A48F3 /* Sources */,
				8464D62E25D8D832009A48F3 /* Frameworks */,
				8464D62F25D8D832009A48F3 /* Resources */,
			);
			buildRules = (
			);
			dependencies = (
				8464D63325D8D832009A48F3 /* PBXTargetDependency */,
			);
			name = TestFlightCenterTests;
			productName = TestFlightCenterTests;
			productReference = 8464D63125D8D832009A48F3 /* TestFlightCenterTests.xctest */;
			productType = "com.apple.product-type.bundle.unit-test";
		};
		8464D63B25D8D832009A48F3 /* TestFlightCenterUITests */ = {
			isa = PBXNativeTarget;
			buildConfigurationList = 8464D64B25D8D832009A48F3 /* Build configuration list for PBXNativeTarget "TestFlightCenterUITests" */;
			buildPhases = (
				8464D63825D8D832009A48F3 /* Sources */,
				8464D63925D8D832009A48F3 /* Frameworks */,
				8464D63A25D8D832009A48F3 /* Resources */,
			);
			buildRules = (
			);
			dependencies = (
				8464D63E25D8D832009A48F3 /* PBXTargetDependency */,
			);
			name = TestFlightCenterUITests;
			productName = TestFlightCenterUITests;
			productReference = 8464D63C25D8D832009A48F3 /* TestFlightCenterUITests.xctest */;
			productType = "com.apple.product-type.bundle.ui-testing";
		};
/* End PBXNativeTarget section */

/* Begin PBXProject section */
		8464D61325D8D82E009A48F3 /* Project object */ = {
			isa = PBXProject;
			attributes = {
				LastSwiftUpdateCheck = 1200;
				LastUpgradeCheck = 1200;
				TargetAttributes = {
					8464D61A25D8D82E009A48F3 = {
						CreatedOnToolsVersion = 12.0.1;
					};
					8464D63025D8D832009A48F3 = {
						CreatedOnToolsVersion = 12.0.1;
						TestTargetID = 8464D61A25D8D82E009A48F3;
					};
					8464D63B25D8D832009A48F3 = {
						CreatedOnToolsVersion = 12.0.1;
						TestTargetID = 8464D61A25D8D82E009A48F3;
					};
				};
			};
			buildConfigurationList = 8464D61625D8D82E009A48F3 /* Build configuration list for PBXProject "TestFlightCenter" */;
			compatibilityVersion = "Xcode 9.3";
			developmentRegion = en;
			hasScannedForEncodings = 0;
			knownRegions = (
				en,
				Base,
			);
			mainGroup = 8464D61225D8D82E009A48F3;
			productRefGroup = 8464D61C25D8D82E009A48F3 /* Products */;
			projectDirPath = "";
			projectRoot = "";
			targets = (
				8464D61A25D8D82E009A48F3 /* TestFlightCenter */,
				8464D63025D8D832009A48F3 /* TestFlightCenterTests */,
				8464D63B25D8D832009A48F3 /* TestFlightCenterUITests */,
			);
		};
/* End PBXProject section */

/* Begin PBXResourcesBuildPhase section */
		8464D61925D8D82E009A48F3 /* Resources */ = {
			isa = PBXResourcesBuildPhase;
			buildActionMask = 2147483647;
			files = (
				8464D62B25D8D832009A48F3 /* LaunchScreen.storyboard in Resources */,
				8423B40D25D90FFA0026ED8E /* FlightTableViewCell.xib in Resources */,
				8464D62825D8D832009A48F3 /* Assets.xcassets in Resources */,
				8464D62625D8D82E009A48F3 /* Main.storyboard in Resources */,
				84AEC7BC25DBC8C3008B6270 /* Flights.json in Resources */,
			);
			runOnlyForDeploymentPostprocessing = 0;
		};
		8464D62F25D8D832009A48F3 /* Resources */ = {
			isa = PBXResourcesBuildPhase;
			buildActionMask = 2147483647;
			files = (
			);
			runOnlyForDeploymentPostprocessing = 0;
		};
		8464D63A25D8D832009A48F3 /* Resources */ = {
			isa = PBXResourcesBuildPhase;
			buildActionMask = 2147483647;
			files = (
			);
			runOnlyForDeploymentPostprocessing = 0;
		};
/* End PBXResourcesBuildPhase section */

/* Begin PBXSourcesBuildPhase section */
		8464D61725D8D82E009A48F3 /* Sources */ = {
			isa = PBXSourcesBuildPhase;
			buildActionMask = 2147483647;
			files = (
				8423B41725D918650026ED8E /* FlightCenter.swift in Sources */,
				8423B40325D90B0D0026ED8E /* FlightsViewController.swift in Sources */,
				8423B3FF25D90B0D0026ED8E /* FlightsPresenter.swift in Sources */,
				84AEC78425DA5A60008B6270 /* Flight.swift in Sources */,
				84AEC7DD25E0CABB008B6270 /* FlightDetailPresenter.swift in Sources */,
				8423B40125D90B0D0026ED8E /* FlightsRouter.swift in Sources */,
				84AEC7C125DBC8FA008B6270 /* FlightLocalStore.swift in Sources */,
				8423B41D25D9192E0026ED8E /* UIColor+HEX.swift in Sources */,
				84AEC7DE25E0CABB008B6270 /* FlightDetailWorker.swift in Sources */,
				845BEACF25D969EE00F481FA /* ErrorHandler.swift in Sources */,
				84AEC7CE25DE6CAE008B6270 /* LogicalFlights.swift in Sources */,
				84AEC7DF25E0CABB008B6270 /* FlightDetailRouter.swift in Sources */,
				8423B40025D90B0D0026ED8E /* FlightsWorker.swift in Sources */,
				8423B40C25D90FFA0026ED8E /* FlightTableViewCell.swift in Sources */,
				8464D61F25D8D82E009A48F3 /* AppDelegate.swift in Sources */,
				84AEC7E225E0CABB008B6270 /* FlightDetailInteractor.swift in Sources */,
				84AEC79325DA767B008B6270 /* Networking.swift in Sources */,
				84AEC7E025E0CABB008B6270 /* FlightDetailModels.swift in Sources */,
				8423B42525D91B270026ED8E /* UIColor+TraitCollection.swift in Sources */,
				84AEC7C925DCD044008B6270 /* Date+FormatAndStringConversion.swift in Sources */,
				84AEC77E25DA55A1008B6270 /* FlightAPIStore.swift in Sources */,
				84AEC7E125E0CABB008B6270 /* FlightDetailViewController.swift in Sources */,
				8464D62125D8D82E009A48F3 /* SceneDelegate.swift in Sources */,
				84AEC7D325E0C99E008B6270 /* UIImage+QRCode.swift in Sources */,
				8423B40425D90B0D0026ED8E /* FlightsInteractor.swift in Sources */,
				8423B40225D90B0D0026ED8E /* FlightsModels.swift in Sources */,
			);
			runOnlyForDeploymentPostprocessing = 0;
		};
		8464D62D25D8D832009A48F3 /* Sources */ = {
			isa = PBXSourcesBuildPhase;
			buildActionMask = 2147483647;
			files = (
				8464D63625D8D832009A48F3 /* TestFlightCenterTests.swift in Sources */,
			);
			runOnlyForDeploymentPostprocessing = 0;
		};
		8464D63825D8D832009A48F3 /* Sources */ = {
			isa = PBXSourcesBuildPhase;
			buildActionMask = 2147483647;
			files = (
				8464D64125D8D832009A48F3 /* TestFlightCenterUITests.swift in Sources */,
			);
			runOnlyForDeploymentPostprocessing = 0;
		};
/* End PBXSourcesBuildPhase section */

/* Begin PBXTargetDependency section */
		8464D63325D8D832009A48F3 /* PBXTargetDependency */ = {
			isa = PBXTargetDependency;
			target = 8464D61A25D8D82E009A48F3 /* TestFlightCenter */;
			targetProxy = 8464D63225D8D832009A48F3 /* PBXContainerItemProxy */;
		};
		8464D63E25D8D832009A48F3 /* PBXTargetDependency */ = {
			isa = PBXTargetDependency;
			target = 8464D61A25D8D82E009A48F3 /* TestFlightCenter */;
			targetProxy = 8464D63D25D8D832009A48F3 /* PBXContainerItemProxy */;
		};
/* End PBXTargetDependency section */

/* Begin PBXVariantGroup section */
		8464D62425D8D82E009A48F3 /* Main.storyboard */ = {
			isa = PBXVariantGroup;
			children = (
				8464D62525D8D82E009A48F3 /* Base */,
			);
			name = Main.storyboard;
			sourceTree = "<group>";
		};
		8464D62925D8D832009A48F3 /* LaunchScreen.storyboard */ = {
			isa = PBXVariantGroup;
			children = (
				8464D62A25D8D832009A48F3 /* Base */,
			);
			name = LaunchScreen.storyboard;
			sourceTree = "<group>";
		};
/* End PBXVariantGroup section */

/* Begin XCBuildConfiguration section */
		8464D64325D8D832009A48F3 /* Debug */ = {
			isa = XCBuildConfiguration;
			buildSettings = {
				ALWAYS_SEARCH_USER_PATHS = NO;
				CLANG_ANALYZER_NONNULL = YES;
				CLANG_ANALYZER_NUMBER_OBJECT_CONVERSION = YES_AGGRESSIVE;
				CLANG_CXX_LANGUAGE_STANDARD = "gnu++14";
				CLANG_CXX_LIBRARY = "libc++";
				CLANG_ENABLE_MODULES = YES;
				CLANG_ENABLE_OBJC_ARC = YES;
				CLANG_ENABLE_OBJC_WEAK = YES;
				CLANG_WARN_BLOCK_CAPTURE_AUTORELEASING = YES;
				CLANG_WARN_BOOL_CONVERSION = YES;
				CLANG_WARN_COMMA = YES;
				CLANG_WARN_CONSTANT_CONVERSION = YES;
				CLANG_WARN_DEPRECATED_OBJC_IMPLEMENTATIONS = YES;
				CLANG_WARN_DIRECT_OBJC_ISA_USAGE = YES_ERROR;
				CLANG_WARN_DOCUMENTATION_COMMENTS = YES;
				CLANG_WARN_EMPTY_BODY = YES;
				CLANG_WARN_ENUM_CONVERSION = YES;
				CLANG_WARN_INFINITE_RECURSION = YES;
				CLANG_WARN_INT_CONVERSION = YES;
				CLANG_WARN_NON_LITERAL_NULL_CONVERSION = YES;
				CLANG_WARN_OBJC_IMPLICIT_RETAIN_SELF = YES;
				CLANG_WARN_OBJC_LITERAL_CONVERSION = YES;
				CLANG_WARN_OBJC_ROOT_CLASS = YES_ERROR;
				CLANG_WARN_QUOTED_INCLUDE_IN_FRAMEWORK_HEADER = YES;
				CLANG_WARN_RANGE_LOOP_ANALYSIS = YES;
				CLANG_WARN_STRICT_PROTOTYPES = YES;
				CLANG_WARN_SUSPICIOUS_MOVE = YES;
				CLANG_WARN_UNGUARDED_AVAILABILITY = YES_AGGRESSIVE;
				CLANG_WARN_UNREACHABLE_CODE = YES;
				CLANG_WARN__DUPLICATE_METHOD_MATCH = YES;
				COPY_PHASE_STRIP = NO;
				DEBUG_INFORMATION_FORMAT = dwarf;
				ENABLE_STRICT_OBJC_MSGSEND = YES;
				ENABLE_TESTABILITY = YES;
				GCC_C_LANGUAGE_STANDARD = gnu11;
				GCC_DYNAMIC_NO_PIC = NO;
				GCC_NO_COMMON_BLOCKS = YES;
				GCC_OPTIMIZATION_LEVEL = 0;
				GCC_PREPROCESSOR_DEFINITIONS = (
					"DEBUG=1",
					"$(inherited)",
				);
				GCC_WARN_64_TO_32_BIT_CONVERSION = YES;
				GCC_WARN_ABOUT_RETURN_TYPE = YES_ERROR;
				GCC_WARN_UNDECLARED_SELECTOR = YES;
				GCC_WARN_UNINITIALIZED_AUTOS = YES_AGGRESSIVE;
				GCC_WARN_UNUSED_FUNCTION = YES;
				GCC_WARN_UNUSED_VARIABLE = YES;
				IPHONEOS_DEPLOYMENT_TARGET = 14.0;
				MTL_ENABLE_DEBUG_INFO = INCLUDE_SOURCE;
				MTL_FAST_MATH = YES;
				ONLY_ACTIVE_ARCH = YES;
				SDKROOT = iphoneos;
				SWIFT_ACTIVE_COMPILATION_CONDITIONS = DEBUG;
				SWIFT_OPTIMIZATION_LEVEL = "-Onone";
			};
			name = Debug;
		};
		8464D64425D8D832009A48F3 /* Release */ = {
			isa = XCBuildConfiguration;
			buildSettings = {
				ALWAYS_SEARCH_USER_PATHS = NO;
				CLANG_ANALYZER_NONNULL = YES;
				CLANG_ANALYZER_NUMBER_OBJECT_CONVERSION = YES_AGGRESSIVE;
				CLANG_CXX_LANGUAGE_STANDARD = "gnu++14";
				CLANG_CXX_LIBRARY = "libc++";
				CLANG_ENABLE_MODULES = YES;
				CLANG_ENABLE_OBJC_ARC = YES;
				CLANG_ENABLE_OBJC_WEAK = YES;
				CLANG_WARN_BLOCK_CAPTURE_AUTORELEASING = YES;
				CLANG_WARN_BOOL_CONVERSION = YES;
				CLANG_WARN_COMMA = YES;
				CLANG_WARN_CONSTANT_CONVERSION = YES;
				CLANG_WARN_DEPRECATED_OBJC_IMPLEMENTATIONS = YES;
				CLANG_WARN_DIRECT_OBJC_ISA_USAGE = YES_ERROR;
				CLANG_WARN_DOCUMENTATION_COMMENTS = YES;
				CLANG_WARN_EMPTY_BODY = YES;
				CLANG_WARN_ENUM_CONVERSION = YES;
				CLANG_WARN_INFINITE_RECURSION = YES;
				CLANG_WARN_INT_CONVERSION = YES;
				CLANG_WARN_NON_LITERAL_NULL_CONVERSION = YES;
				CLANG_WARN_OBJC_IMPLICIT_RETAIN_SELF = YES;
				CLANG_WARN_OBJC_LITERAL_CONVERSION = YES;
				CLANG_WARN_OBJC_ROOT_CLASS = YES_ERROR;
				CLANG_WARN_QUOTED_INCLUDE_IN_FRAMEWORK_HEADER = YES;
				CLANG_WARN_RANGE_LOOP_ANALYSIS = YES;
				CLANG_WARN_STRICT_PROTOTYPES = YES;
				CLANG_WARN_SUSPICIOUS_MOVE = YES;
				CLANG_WARN_UNGUARDED_AVAILABILITY = YES_AGGRESSIVE;
				CLANG_WARN_UNREACHABLE_CODE = YES;
				CLANG_WARN__DUPLICATE_METHOD_MATCH = YES;
				COPY_PHASE_STRIP = NO;
				DEBUG_INFORMATION_FORMAT = "dwarf-with-dsym";
				ENABLE_NS_ASSERTIONS = NO;
				ENABLE_STRICT_OBJC_MSGSEND = YES;
				GCC_C_LANGUAGE_STANDARD = gnu11;
				GCC_NO_COMMON_BLOCKS = YES;
				GCC_WARN_64_TO_32_BIT_CONVERSION = YES;
				GCC_WARN_ABOUT_RETURN_TYPE = YES_ERROR;
				GCC_WARN_UNDECLARED_SELECTOR = YES;
				GCC_WARN_UNINITIALIZED_AUTOS = YES_AGGRESSIVE;
				GCC_WARN_UNUSED_FUNCTION = YES;
				GCC_WARN_UNUSED_VARIABLE = YES;
				IPHONEOS_DEPLOYMENT_TARGET = 14.0;
				MTL_ENABLE_DEBUG_INFO = NO;
				MTL_FAST_MATH = YES;
				SDKROOT = iphoneos;
				SWIFT_COMPILATION_MODE = wholemodule;
				SWIFT_OPTIMIZATION_LEVEL = "-O";
				VALIDATE_PRODUCT = YES;
			};
			name = Release;
		};
		8464D64625D8D832009A48F3 /* Debug */ = {
			isa = XCBuildConfiguration;
			buildSettings = {
				ASSETCATALOG_COMPILER_APPICON_NAME = AppIcon;
				ASSETCATALOG_COMPILER_GLOBAL_ACCENT_COLOR_NAME = AccentColor;
				CODE_SIGN_STYLE = Automatic;
				INFOPLIST_FILE = TestFlightCenter/Info.plist;
				LD_RUNPATH_SEARCH_PATHS = (
					"$(inherited)",
					"@executable_path/Frameworks",
				);
				PRODUCT_BUNDLE_IDENTIFIER = com.ahmad.TestFlightCenter;
				PRODUCT_NAME = "$(TARGET_NAME)";
				SWIFT_VERSION = 5.0;
				TARGETED_DEVICE_FAMILY = "1,2";
			};
			name = Debug;
		};
		8464D64725D8D832009A48F3 /* Release */ = {
			isa = XCBuildConfiguration;
			buildSettings = {
				ASSETCATALOG_COMPILER_APPICON_NAME = AppIcon;
				ASSETCATALOG_COMPILER_GLOBAL_ACCENT_COLOR_NAME = AccentColor;
				CODE_SIGN_STYLE = Automatic;
				INFOPLIST_FILE = TestFlightCenter/Info.plist;
				LD_RUNPATH_SEARCH_PATHS = (
					"$(inherited)",
					"@executable_path/Frameworks",
				);
				PRODUCT_BUNDLE_IDENTIFIER = com.ahmad.TestFlightCenter;
				PRODUCT_NAME = "$(TARGET_NAME)";
				SWIFT_VERSION = 5.0;
				TARGETED_DEVICE_FAMILY = "1,2";
			};
			name = Release;
		};
		8464D64925D8D832009A48F3 /* Debug */ = {
			isa = XCBuildConfiguration;
			buildSettings = {
				ALWAYS_EMBED_SWIFT_STANDARD_LIBRARIES = YES;
				BUNDLE_LOADER = "$(TEST_HOST)";
				CODE_SIGN_STYLE = Automatic;
				INFOPLIST_FILE = TestFlightCenterTests/Info.plist;
				IPHONEOS_DEPLOYMENT_TARGET = 14.0;
				LD_RUNPATH_SEARCH_PATHS = (
					"$(inherited)",
					"@executable_path/Frameworks",
					"@loader_path/Frameworks",
				);
				PRODUCT_BUNDLE_IDENTIFIER = com.ahmad.TestFlightCenterTests;
				PRODUCT_NAME = "$(TARGET_NAME)";
				SWIFT_VERSION = 5.0;
				TARGETED_DEVICE_FAMILY = "1,2";
				TEST_HOST = "$(BUILT_PRODUCTS_DIR)/TestFlightCenter.app/TestFlightCenter";
			};
			name = Debug;
		};
		8464D64A25D8D832009A48F3 /* Release */ = {
			isa = XCBuildConfiguration;
			buildSettings = {
				ALWAYS_EMBED_SWIFT_STANDARD_LIBRARIES = YES;
				BUNDLE_LOADER = "$(TEST_HOST)";
				CODE_SIGN_STYLE = Automatic;
				INFOPLIST_FILE = TestFlightCenterTests/Info.plist;
				IPHONEOS_DEPLOYMENT_TARGET = 14.0;
				LD_RUNPATH_SEARCH_PATHS = (
					"$(inherited)",
					"@executable_path/Frameworks",
					"@loader_path/Frameworks",
				);
				PRODUCT_BUNDLE_IDENTIFIER = com.ahmad.TestFlightCenterTests;
				PRODUCT_NAME = "$(TARGET_NAME)";
				SWIFT_VERSION = 5.0;
				TARGETED_DEVICE_FAMILY = "1,2";
				TEST_HOST = "$(BUILT_PRODUCTS_DIR)/TestFlightCenter.app/TestFlightCenter";
			};
			name = Release;
		};
		8464D64C25D8D832009A48F3 /* Debug */ = {
			isa = XCBuildConfiguration;
			buildSettings = {
				ALWAYS_EMBED_SWIFT_STANDARD_LIBRARIES = YES;
				CODE_SIGN_STYLE = Automatic;
				INFOPLIST_FILE = TestFlightCenterUITests/Info.plist;
				LD_RUNPATH_SEARCH_PATHS = (
					"$(inherited)",
					"@executable_path/Frameworks",
					"@loader_path/Frameworks",
				);
				PRODUCT_BUNDLE_IDENTIFIER = com.ahmad.TestFlightCenterUITests;
				PRODUCT_NAME = "$(TARGET_NAME)";
				SWIFT_VERSION = 5.0;
				TARGETED_DEVICE_FAMILY = "1,2";
				TEST_TARGET_NAME = TestFlightCenter;
			};
			name = Debug;
		};
		8464D64D25D8D832009A48F3 /* Release */ = {
			isa = XCBuildConfiguration;
			buildSettings = {
				ALWAYS_EMBED_SWIFT_STANDARD_LIBRARIES = YES;
				CODE_SIGN_STYLE = Automatic;
				INFOPLIST_FILE = TestFlightCenterUITests/Info.plist;
				LD_RUNPATH_SEARCH_PATHS = (
					"$(inherited)",
					"@executable_path/Frameworks",
					"@loader_path/Frameworks",
				);
				PRODUCT_BUNDLE_IDENTIFIER = com.ahmad.TestFlightCenterUITests;
				PRODUCT_NAME = "$(TARGET_NAME)";
				SWIFT_VERSION = 5.0;
				TARGETED_DEVICE_FAMILY = "1,2";
				TEST_TARGET_NAME = TestFlightCenter;
			};
			name = Release;
		};
/* End XCBuildConfiguration section */

/* Begin XCConfigurationList section */
		8464D61625D8D82E009A48F3 /* Build configuration list for PBXProject "TestFlightCenter" */ = {
			isa = XCConfigurationList;
			buildConfigurations = (
				8464D64325D8D832009A48F3 /* Debug */,
				8464D64425D8D832009A48F3 /* Release */,
			);
			defaultConfigurationIsVisible = 0;
			defaultConfigurationName = Release;
		};
		8464D64525D8D832009A48F3 /* Build configuration list for PBXNativeTarget "TestFlightCenter" */ = {
			isa = XCConfigurationList;
			buildConfigurations = (
				8464D64625D8D832009A48F3 /* Debug */,
				8464D64725D8D832009A48F3 /* Release */,
			);
			defaultConfigurationIsVisible = 0;
			defaultConfigurationName = Release;
		};
		8464D64825D8D832009A48F3 /* Build configuration list for PBXNativeTarget "TestFlightCenterTests" */ = {
			isa = XCConfigurationList;
			buildConfigurations = (
				8464D64925D8D832009A48F3 /* Debug */,
				8464D64A25D8D832009A48F3 /* Release */,
			);
			defaultConfigurationIsVisible = 0;
			defaultConfigurationName = Release;
		};
		8464D64B25D8D832009A48F3 /* Build configuration list for PBXNativeTarget "TestFlightCenterUITests" */ = {
			isa = XCConfigurationList;
			buildConfigurations = (
				8464D64C25D8D832009A48F3 /* Debug */,
				8464D64D25D8D832009A48F3 /* Release */,
			);
			defaultConfigurationIsVisible = 0;
			defaultConfigurationName = Release;
		};
/* End XCConfigurationList section */
	};
	rootObject = 8464D61325D8D82E009A48F3 /* Project object */;
}
